
Microsoft Visual Studio Solution File, Format Version 12.00
# Visual Studio Version 17
VisualStudioVersion = 17.0.32112.339
MinimumVisualStudioVersion = 10.0.40219.1
Project("{9A19103F-16F7-4668-BE54-9A1E7A4F7556}") = "backtpp", "backtpp.csproj", "{249C9A2C-9886-4120-94F8-92473B0A699C}"
EndProject
Global
	GlobalSection(SolutionConfigurationPlatforms) = preSolution
		Debug|Any CPU = Debug|Any CPU
		Release|Any CPU = Release|Any CPU
	EndGlobalSection
	GlobalSection(ProjectConfigurationPlatforms) = postSolution
		{249C9A2C-9886-4120-94F8-92473B0A699C}.Debug|Any CPU.ActiveCfg = Debug|Any CPU
		{249C9A2C-9886-4120-94F8-92473B0A699C}.Debug|Any CPU.Build.0 = Debug|Any CPU
		{249C9A2C-9886-4120-94F8-92473B0A699C}.Release|Any CPU.ActiveCfg = Release|Any CPU
		{249C9A2C-9886-4120-94F8-92473B0A699C}.Release|Any CPU.Build.0 = Release|Any CPU
	EndGlobalSection
	GlobalSection(SolutionProperties) = preSolution
		HideSolutionNode = FALSE
	EndGlobalSection
	GlobalSection(ExtensibilityGlobals) = postSolution
		SolutionGuid = {7C19EDE9-ECFC-4BAD-9511-D3636D6D2C95}
	EndGlobalSection
EndGlobal
